
Microsoft Visual Studio Solution File, Format Version 12.00
# Visual Studio Version 17
VisualStudioVersion = 17.11.35312.102
MinimumVisualStudioVersion = 10.0.40219.1
Project("{9A19103F-16F7-4668-BE54-9A1E7A4F7556}") = "Dnc.SecuredApi", "Dnc-SecuredApi\Dnc.SecuredApi.csproj", "{8E56FDCA-ABC6-45F7-9C44-02B62BFDA59D}"
EndProject
Project("{FAE04EC0-301F-11D3-BF4B-00C04F79EFBC}") = "Dnc.ConsoleClient", "Dnc.ConsoleClient\Dnc.ConsoleClient.csproj", "{8DC4C9AB-4209-4A6F-8122-15D47D370935}"
EndProject
Global
	GlobalSection(SolutionConfigurationPlatforms) = preSolution
		Debug|Any CPU = Debug|Any CPU
		Release|Any CPU = Release|Any CPU
	EndGlobalSection
	GlobalSection(ProjectConfigurationPlatforms) = postSolution
		{8E56FDCA-ABC6-45F7-9C44-02B62BFDA59D}.Debug|Any CPU.ActiveCfg = Debug|Any CPU
		{8E56FDCA-ABC6-45F7-9C44-02B62BFDA59D}.Debug|Any CPU.Build.0 = Debug|Any CPU
		{8E56FDCA-ABC6-45F7-9C44-02B62BFDA59D}.Release|Any CPU.ActiveCfg = Release|Any CPU
		{8E56FDCA-ABC6-45F7-9C44-02B62BFDA59D}.Release|Any CPU.Build.0 = Release|Any CPU
		{8DC4C9AB-4209-4A6F-8122-15D47D370935}.Debug|Any CPU.ActiveCfg = Debug|Any CPU
		{8DC4C9AB-4209-4A6F-8122-15D47D370935}.Debug|Any CPU.Build.0 = Debug|Any CPU
		{8DC4C9AB-4209-4A6F-8122-15D47D370935}.Release|Any CPU.ActiveCfg = Release|Any CPU
		{8DC4C9AB-4209-4A6F-8122-15D47D370935}.Release|Any CPU.Build.0 = Release|Any CPU
	EndGlobalSection
	GlobalSection(SolutionProperties) = preSolution
		HideSolutionNode = FALSE
	EndGlobalSection
	GlobalSection(ExtensibilityGlobals) = postSolution
		SolutionGuid = {0EFBFDA6-0016-40BE-A31D-EA3D66C6EADC}
	EndGlobalSection
EndGlobal
